
Microsoft Visual Studio Solution File, Format Version 12.00
# Visual Studio Version 17
VisualStudioVersion = 17.6.33723.286
MinimumVisualStudioVersion = 10.0.40219.1
Project("{8BC9CEB8-8B4A-11D0-8D11-00A0C91BC942}") = "Шифр_Цезаря", "Шифр_Цезаря\Шифр_Цезаря.vcxproj", "{B6A48D34-877F-47F2-AC46-C91B57CCC9B4}"
EndProject
Project("{8BC9CEB8-8B4A-11D0-8D11-00A0C91BC942}") = "Vigern_Cipher", "Vigern_Chipher\Vigern_Chipher.vcxproj", "{F9FB264A-D4DE-497B-B80C-460682E777AB}"
EndProject
Project("{8BC9CEB8-8B4A-11D0-8D11-00A0C91BC942}") = "Affine_Cipher", "Affine_Cipher\Affine_Cipher.vcxproj", "{20A054D1-BA8B-43E1-89E0-5066CD9105CC}"
EndProject
Project("{9A19103F-16F7-4668-BE54-9A1E7A4F7556}") = "BlockCiphers", "BlockCiphers\BlockCiphers.csproj", "{131070DE-8165-41FA-B362-46F2706C66F1}"
EndProject
Project("{FAE04EC0-301F-11D3-BF4B-00C04F79EFBC}") = "AsymmetricCiphers", "AsymmetricCiphers\AsymmetricCiphers.csproj", "{1BA8C58F-1ADC-4E35-B870-33DCF1946B62}"
EndProject
Global
	GlobalSection(SolutionConfigurationPlatforms) = preSolution
		Debug|Any CPU = Debug|Any CPU
		Debug|x64 = Debug|x64
		Debug|x86 = Debug|x86
		Release|Any CPU = Release|Any CPU
		Release|x64 = Release|x64
		Release|x86 = Release|x86
	EndGlobalSection
	GlobalSection(ProjectConfigurationPlatforms) = postSolution
		{B6A48D34-877F-47F2-AC46-C91B57CCC9B4}.Debug|Any CPU.ActiveCfg = Debug|x64
		{B6A48D34-877F-47F2-AC46-C91B57CCC9B4}.Debug|Any CPU.Build.0 = Debug|x64
		{B6A48D34-877F-47F2-AC46-C91B57CCC9B4}.Debug|x64.ActiveCfg = Debug|x64
		{B6A48D34-877F-47F2-AC46-C91B57CCC9B4}.Debug|x64.Build.0 = Debug|x64
		{B6A48D34-877F-47F2-AC46-C91B57CCC9B4}.Debug|x86.ActiveCfg = Debug|Win32
		{B6A48D34-877F-47F2-AC46-C91B57CCC9B4}.Debug|x86.Build.0 = Debug|Win32
		{B6A48D34-877F-47F2-AC46-C91B57CCC9B4}.Release|Any CPU.ActiveCfg = Release|x64
		{B6A48D34-877F-47F2-AC46-C91B57CCC9B4}.Release|Any CPU.Build.0 = Release|x64
		{B6A48D34-877F-47F2-AC46-C91B57CCC9B4}.Release|x64.ActiveCfg = Release|x64
		{B6A48D34-877F-47F2-AC46-C91B57CCC9B4}.Release|x64.Build.0 = Release|x64
		{B6A48D34-877F-47F2-AC46-C91B57CCC9B4}.Release|x86.ActiveCfg = Release|Win32
		{B6A48D34-877F-47F2-AC46-C91B57CCC9B4}.Release|x86.Build.0 = Release|Win32
		{F9FB264A-D4DE-497B-B80C-460682E777AB}.Debug|Any CPU.ActiveCfg = Debug|x64
		{F9FB264A-D4DE-497B-B80C-460682E777AB}.Debug|Any CPU.Build.0 = Debug|x64
		{F9FB264A-D4DE-497B-B80C-460682E777AB}.Debug|x64.ActiveCfg = Debug|x64
		{F9FB264A-D4DE-497B-B80C-460682E777AB}.Debug|x64.Build.0 = Debug|x64
		{F9FB264A-D4DE-497B-B80C-460682E777AB}.Debug|x86.ActiveCfg = Debug|Win32
		{F9FB264A-D4DE-497B-B80C-460682E777AB}.Debug|x86.Build.0 = Debug|Win32
		{F9FB264A-D4DE-497B-B80C-460682E777AB}.Release|Any CPU.ActiveCfg = Release|x64
		{F9FB264A-D4DE-497B-B80C-460682E777AB}.Release|Any CPU.Build.0 = Release|x64
		{F9FB264A-D4DE-497B-B80C-460682E777AB}.Release|x64.ActiveCfg = Release|x64
		{F9FB264A-D4DE-497B-B80C-460682E777AB}.Release|x64.Build.0 = Release|x64
		{F9FB264A-D4DE-497B-B80C-460682E777AB}.Release|x86.ActiveCfg = Release|Win32
		{F9FB264A-D4DE-497B-B80C-460682E777AB}.Release|x86.Build.0 = Release|Win32
		{20A054D1-BA8B-43E1-89E0-5066CD9105CC}.Debug|Any CPU.ActiveCfg = Debug|x64
		{20A054D1-BA8B-43E1-89E0-5066CD9105CC}.Debug|Any CPU.Build.0 = Debug|x64
		{20A054D1-BA8B-43E1-89E0-5066CD9105CC}.Debug|x64.ActiveCfg = Debug|x64
		{20A054D1-BA8B-43E1-89E0-5066CD9105CC}.Debug|x64.Build.0 = Debug|x64
		{20A054D1-BA8B-43E1-89E0-5066CD9105CC}.Debug|x86.ActiveCfg = Debug|Win32
		{20A054D1-BA8B-43E1-89E0-5066CD9105CC}.Debug|x86.Build.0 = Debug|Win32
		{20A054D1-BA8B-43E1-89E0-5066CD9105CC}.Release|Any CPU.ActiveCfg = Release|x64
		{20A054D1-BA8B-43E1-89E0-5066CD9105CC}.Release|Any CPU.Build.0 = Release|x64
		{20A054D1-BA8B-43E1-89E0-5066CD9105CC}.Release|x64.ActiveCfg = Release|x64
		{20A054D1-BA8B-43E1-89E0-5066CD9105CC}.Release|x64.Build.0 = Release|x64
		{20A054D1-BA8B-43E1-89E0-5066CD9105CC}.Release|x86.ActiveCfg = Release|Win32
		{20A054D1-BA8B-43E1-89E0-5066CD9105CC}.Release|x86.Build.0 = Release|Win32
		{131070DE-8165-41FA-B362-46F2706C66F1}.Debug|Any CPU.ActiveCfg = Debug|Any CPU
		{131070DE-8165-41FA-B362-46F2706C66F1}.Debug|Any CPU.Build.0 = Debug|Any CPU
		{131070DE-8165-41FA-B362-46F2706C66F1}.Debug|x64.ActiveCfg = Debug|Any CPU
		{131070DE-8165-41FA-B362-46F2706C66F1}.Debug|x64.Build.0 = Debug|Any CPU
		{131070DE-8165-41FA-B362-46F2706C66F1}.Debug|x86.ActiveCfg = Debug|Any CPU
		{131070DE-8165-41FA-B362-46F2706C66F1}.Debug|x86.Build.0 = Debug|Any CPU
		{131070DE-8165-41FA-B362-46F2706C66F1}.Release|Any CPU.ActiveCfg = Release|Any CPU
		{131070DE-8165-41FA-B362-46F2706C66F1}.Release|Any CPU.Build.0 = Release|Any CPU
		{131070DE-8165-41FA-B362-46F2706C66F1}.Release|x64.ActiveCfg = Release|Any CPU
		{131070DE-8165-41FA-B362-46F2706C66F1}.Release|x64.Build.0 = Release|Any CPU
		{131070DE-8165-41FA-B362-46F2706C66F1}.Release|x86.ActiveCfg = Release|Any CPU
		{131070DE-8165-41FA-B362-46F2706C66F1}.Release|x86.Build.0 = Release|Any CPU
		{1BA8C58F-1ADC-4E35-B870-33DCF1946B62}.Debug|Any CPU.ActiveCfg = Debug|Any CPU
		{1BA8C58F-1ADC-4E35-B870-33DCF1946B62}.Debug|Any CPU.Build.0 = Debug|Any CPU
		{1BA8C58F-1ADC-4E35-B870-33DCF1946B62}.Debug|x64.ActiveCfg = Debug|Any CPU
		{1BA8C58F-1ADC-4E35-B870-33DCF1946B62}.Debug|x64.Build.0 = Debug|Any CPU
		{1BA8C58F-1ADC-4E35-B870-33DCF1946B62}.Debug|x86.ActiveCfg = Debug|Any CPU
		{1BA8C58F-1ADC-4E35-B870-33DCF1946B62}.Debug|x86.Build.0 = Debug|Any CPU
		{1BA8C58F-1ADC-4E35-B870-33DCF1946B62}.Release|Any CPU.ActiveCfg = Release|Any CPU
		{1BA8C58F-1ADC-4E35-B870-33DCF1946B62}.Release|Any CPU.Build.0 = Release|Any CPU
		{1BA8C58F-1ADC-4E35-B870-33DCF1946B62}.Release|x64.ActiveCfg = Release|Any CPU
		{1BA8C58F-1ADC-4E35-B870-33DCF1946B62}.Release|x64.Build.0 = Release|Any CPU
		{1BA8C58F-1ADC-4E35-B870-33DCF1946B62}.Release|x86.ActiveCfg = Release|Any CPU
		{1BA8C58F-1ADC-4E35-B870-33DCF1946B62}.Release|x86.Build.0 = Release|Any CPU
	EndGlobalSection
	GlobalSection(SolutionProperties) = preSolution
		HideSolutionNode = FALSE
	EndGlobalSection
	GlobalSection(ExtensibilityGlobals) = postSolution
		SolutionGuid = {E5D76256-1555-49AD-A92B-582F792AA185}
	EndGlobalSection
EndGlobal
